
Microsoft Visual Studio Solution File, Format Version 12.00
# Visual Studio Version 17
VisualStudioVersion = 17.7.34031.279
MinimumVisualStudioVersion = 10.0.40219.1
Project("{FAE04EC0-301F-11D3-BF4B-00C04F79EFBC}") = "WebApplication1", "WebApplication1\WebApplication1.csproj", "{CBB29F76-FD09-4AAA-A895-5B7127F4B7FB}"
EndProject
Global
	GlobalSection(SolutionConfigurationPlatforms) = preSolution
		Debug|Any CPU = Debug|Any CPU
		Release|Any CPU = Release|Any CPU
	EndGlobalSection
	GlobalSection(ProjectConfigurationPlatforms) = postSolution
		{CBB29F76-FD09-4AAA-A895-5B7127F4B7FB}.Debug|Any CPU.ActiveCfg = Debug|Any CPU
		{CBB29F76-FD09-4AAA-A895-5B7127F4B7FB}.Debug|Any CPU.Build.0 = Debug|Any CPU
		{CBB29F76-FD09-4AAA-A895-5B7127F4B7FB}.Release|Any CPU.ActiveCfg = Release|Any CPU
		{CBB29F76-FD09-4AAA-A895-5B7127F4B7FB}.Release|Any CPU.Build.0 = Release|Any CPU
	EndGlobalSection
	GlobalSection(SolutionProperties) = preSolution
		HideSolutionNode = FALSE
	EndGlobalSection
	GlobalSection(ExtensibilityGlobals) = postSolution
		SolutionGuid = {1F4BFD9B-CAB8-4F1C-8518-4F4F87A4E9B0}
	EndGlobalSection
EndGlobal
